
Microsoft Visual Studio Solution File, Format Version 12.00
# Visual Studio 15
VisualStudioVersion = 15.0.28307.1433
MinimumVisualStudioVersion = 10.0.40219.1
Project("{FAE04EC0-301F-11D3-BF4B-00C04F79EFBC}") = "KotlinToCs_Hrychanok", "KotlinToCs_Hrychanok\KotlinToCs_Hrychanok.csproj", "{ADFCA3EA-7174-477A-A60B-D0D8B555CEE1}"
EndProject
Global
	GlobalSection(SolutionConfigurationPlatforms) = preSolution
		Debug|Any CPU = Debug|Any CPU
		Release|Any CPU = Release|Any CPU
	EndGlobalSection
	GlobalSection(ProjectConfigurationPlatforms) = postSolution
		{ADFCA3EA-7174-477A-A60B-D0D8B555CEE1}.Debug|Any CPU.ActiveCfg = Debug|Any CPU
		{ADFCA3EA-7174-477A-A60B-D0D8B555CEE1}.Debug|Any CPU.Build.0 = Debug|Any CPU
		{ADFCA3EA-7174-477A-A60B-D0D8B555CEE1}.Release|Any CPU.ActiveCfg = Release|Any CPU
		{ADFCA3EA-7174-477A-A60B-D0D8B555CEE1}.Release|Any CPU.Build.0 = Release|Any CPU
	EndGlobalSection
	GlobalSection(SolutionProperties) = preSolution
		HideSolutionNode = FALSE
	EndGlobalSection
	GlobalSection(ExtensibilityGlobals) = postSolution
		SolutionGuid = {D3B21D64-379F-4713-8CC1-14F5883AD82C}
	EndGlobalSection
EndGlobal
